{
  "name": "npm-log-demo",
  "lockfileVersion": 2,
  "requires": true,
  "packages": {
    "": {
      "dependencies": {
        "@jasonfleischer/log": "^1.0.0"
      }
    },
    "node_modules/@jasonfleischer/log": {
      "version": "1.0.6",
      "resolved": "https://registry.npmjs.org/@jasonfleischer/log/-/log-1.0.6.tgz",
      "integrity": "sha512-sQg7cjt/6qwQ4B2wHIqqQTb3snI8QTNcGcJ7fibBmdwpbl4o9XQiKZIHjTrvEFupkyCkvH0mXniX89271ahS+g==",
      "funding": {
        "type": "individual",
        "url": "https://ko-fi.com/jasonfleischer"
      }
    }
  },
  "dependencies": {
    "@jasonfleischer/log": {
      "version": "1.0.6",
      "resolved": "https://registry.npmjs.org/@jasonfleischer/log/-/log-1.0.6.tgz",
      "integrity": "sha512-sQg7cjt/6qwQ4B2wHIqqQTb3snI8QTNcGcJ7fibBmdwpbl4o9XQiKZIHjTrvEFupkyCkvH0mXniX89271ahS+g=="
    }
  }
}
